
Microsoft Visual Studio Solution File, Format Version 12.00
# Visual Studio Version 17
VisualStudioVersion = 17.7.34018.315
MinimumVisualStudioVersion = 10.0.40219.1
Project("{FAE04EC0-301F-11D3-BF4B-00C04F79EFBC}") = "DataAccess", "DataAccess\DataAccess.csproj", "{65C014E5-9630-4BFD-9656-B14793097068}"
EndProject
Project("{FAE04EC0-301F-11D3-BF4B-00C04F79EFBC}") = "ConsoleUI", "ConsoleUI\ConsoleUI.csproj", "{14E9EB6E-DB45-4AE7-9B86-F77799CFF7F7}"
EndProject
Project("{FAE04EC0-301F-11D3-BF4B-00C04F79EFBC}") = "Entities", "Entities\Entities.csproj", "{FFBA0EA2-8531-4992-B0C0-3FB1822399C1}"
EndProject
Project("{FAE04EC0-301F-11D3-BF4B-00C04F79EFBC}") = "Business", "Business1\Business.csproj", "{E018E8CF-CA01-4DE0-8EE1-2508E62FF4B7}"
EndProject
Project("{FAE04EC0-301F-11D3-BF4B-00C04F79EFBC}") = "Core", "Core\Core.csproj", "{9A734159-860B-4BF9-84FA-A10394EFD8F3}"
EndProject
Global
	GlobalSection(SolutionConfigurationPlatforms) = preSolution
		Debug|Any CPU = Debug|Any CPU
		Release|Any CPU = Release|Any CPU
	EndGlobalSection
	GlobalSection(ProjectConfigurationPlatforms) = postSolution
		{65C014E5-9630-4BFD-9656-B14793097068}.Debug|Any CPU.ActiveCfg = Debug|Any CPU
		{65C014E5-9630-4BFD-9656-B14793097068}.Debug|Any CPU.Build.0 = Debug|Any CPU
		{65C014E5-9630-4BFD-9656-B14793097068}.Release|Any CPU.ActiveCfg = Release|Any CPU
		{65C014E5-9630-4BFD-9656-B14793097068}.Release|Any CPU.Build.0 = Release|Any CPU
		{14E9EB6E-DB45-4AE7-9B86-F77799CFF7F7}.Debug|Any CPU.ActiveCfg = Debug|Any CPU
		{14E9EB6E-DB45-4AE7-9B86-F77799CFF7F7}.Debug|Any CPU.Build.0 = Debug|Any CPU
		{14E9EB6E-DB45-4AE7-9B86-F77799CFF7F7}.Release|Any CPU.ActiveCfg = Release|Any CPU
		{14E9EB6E-DB45-4AE7-9B86-F77799CFF7F7}.Release|Any CPU.Build.0 = Release|Any CPU
		{FFBA0EA2-8531-4992-B0C0-3FB1822399C1}.Debug|Any CPU.ActiveCfg = Debug|Any CPU
		{FFBA0EA2-8531-4992-B0C0-3FB1822399C1}.Debug|Any CPU.Build.0 = Debug|Any CPU
		{FFBA0EA2-8531-4992-B0C0-3FB1822399C1}.Release|Any CPU.ActiveCfg = Release|Any CPU
		{FFBA0EA2-8531-4992-B0C0-3FB1822399C1}.Release|Any CPU.Build.0 = Release|Any CPU
		{E018E8CF-CA01-4DE0-8EE1-2508E62FF4B7}.Debug|Any CPU.ActiveCfg = Debug|Any CPU
		{E018E8CF-CA01-4DE0-8EE1-2508E62FF4B7}.Debug|Any CPU.Build.0 = Debug|Any CPU
		{E018E8CF-CA01-4DE0-8EE1-2508E62FF4B7}.Release|Any CPU.ActiveCfg = Release|Any CPU
		{E018E8CF-CA01-4DE0-8EE1-2508E62FF4B7}.Release|Any CPU.Build.0 = Release|Any CPU
		{9A734159-860B-4BF9-84FA-A10394EFD8F3}.Debug|Any CPU.ActiveCfg = Debug|Any CPU
		{9A734159-860B-4BF9-84FA-A10394EFD8F3}.Debug|Any CPU.Build.0 = Debug|Any CPU
		{9A734159-860B-4BF9-84FA-A10394EFD8F3}.Release|Any CPU.ActiveCfg = Release|Any CPU
		{9A734159-860B-4BF9-84FA-A10394EFD8F3}.Release|Any CPU.Build.0 = Release|Any CPU
	EndGlobalSection
	GlobalSection(SolutionProperties) = preSolution
		HideSolutionNode = FALSE
	EndGlobalSection
	GlobalSection(ExtensibilityGlobals) = postSolution
		SolutionGuid = {1810CAC7-4E88-432A-956F-E480B2352E05}
	EndGlobalSection
EndGlobal
